
Microsoft Visual Studio Solution File, Format Version 12.00
# Visual Studio Version 16
VisualStudioVersion = 16.0.29709.97
MinimumVisualStudioVersion = 10.0.40219.1
Project("{FAE04EC0-301F-11D3-BF4B-00C04F79EFBC}") = "angular asp.net core bootcamp", "angular asp.net core bootcamp\angular asp.net core bootcamp.csproj", "{FE3CD6B5-8934-454B-AA6F-A52515F35562}"
EndProject
Global
	GlobalSection(SolutionConfigurationPlatforms) = preSolution
		Debug|Any CPU = Debug|Any CPU
		Release|Any CPU = Release|Any CPU
	EndGlobalSection
	GlobalSection(ProjectConfigurationPlatforms) = postSolution
		{FE3CD6B5-8934-454B-AA6F-A52515F35562}.Debug|Any CPU.ActiveCfg = Debug|Any CPU
		{FE3CD6B5-8934-454B-AA6F-A52515F35562}.Debug|Any CPU.Build.0 = Debug|Any CPU
		{FE3CD6B5-8934-454B-AA6F-A52515F35562}.Release|Any CPU.ActiveCfg = Release|Any CPU
		{FE3CD6B5-8934-454B-AA6F-A52515F35562}.Release|Any CPU.Build.0 = Release|Any CPU
	EndGlobalSection
	GlobalSection(SolutionProperties) = preSolution
		HideSolutionNode = FALSE
	EndGlobalSection
	GlobalSection(ExtensibilityGlobals) = postSolution
		SolutionGuid = {EE2B00E0-E9C2-44D9-9729-FC3AB37F0030}
	EndGlobalSection
EndGlobal
